
Microsoft Visual Studio Solution File, Format Version 10.00
# Visual Studio 2008
Project("{FAE04EC0-301F-11D3-BF4B-00C04F79EFBC}") = "SPExLib", "SPExLib\SPExLib.csproj", "{1970A093-0275-4300-9406-028650C7AAA1}"
EndProject
Global
	GlobalSection(TeamFoundationVersionControl) = preSolution
		SccNumberOfProjects = 2
		SccEnterpriseProvider = {4CA58AB2-18FA-4F8D-95D4-32DDF27D184C}
		SccTeamFoundationServer = https://tfs10.codeplex.com/
		SccLocalPath0 = .
		SccProjectUniqueName1 = SPExLib\\SPExLib.csproj
		SccProjectName1 = SPExLib
		SccLocalPath1 = SPExLib
	EndGlobalSection
	GlobalSection(SolutionConfigurationPlatforms) = preSolution
		Debug|Any CPU = Debug|Any CPU
		Release|Any CPU = Release|Any CPU
	EndGlobalSection
	GlobalSection(ProjectConfigurationPlatforms) = postSolution
		{1970A093-0275-4300-9406-028650C7AAA1}.Debug|Any CPU.ActiveCfg = Debug|Any CPU
		{1970A093-0275-4300-9406-028650C7AAA1}.Debug|Any CPU.Build.0 = Debug|Any CPU
		{1970A093-0275-4300-9406-028650C7AAA1}.Release|Any CPU.ActiveCfg = Release|Any CPU
		{1970A093-0275-4300-9406-028650C7AAA1}.Release|Any CPU.Build.0 = Release|Any CPU
	EndGlobalSection
	GlobalSection(SolutionProperties) = preSolution
		HideSolutionNode = FALSE
	EndGlobalSection
EndGlobal
